
Microsoft Visual Studio Solution File, Format Version 12.00
# Visual Studio Version 17
VisualStudioVersion = 17.7.34031.279
MinimumVisualStudioVersion = 10.0.40219.1
Project("{9A19103F-16F7-4668-BE54-9A1E7A4F7556}") = "WebFront", "WebFront\WebFront.csproj", "{FDF44D39-C717-4DCD-81F2-BD81A5930DF3}"
EndProject
Project("{FAE04EC0-301F-11D3-BF4B-00C04F79EFBC}") = "LogonServer", "LogonServer\LogonServer.csproj", "{87D88A7D-25E9-4898-8568-58E69A484BEF}"
EndProject
Global
	GlobalSection(SolutionConfigurationPlatforms) = preSolution
		Debug|Any CPU = Debug|Any CPU
		Release|Any CPU = Release|Any CPU
	EndGlobalSection
	GlobalSection(ProjectConfigurationPlatforms) = postSolution
		{FDF44D39-C717-4DCD-81F2-BD81A5930DF3}.Debug|Any CPU.ActiveCfg = Debug|Any CPU
		{FDF44D39-C717-4DCD-81F2-BD81A5930DF3}.Debug|Any CPU.Build.0 = Debug|Any CPU
		{FDF44D39-C717-4DCD-81F2-BD81A5930DF3}.Release|Any CPU.ActiveCfg = Release|Any CPU
		{FDF44D39-C717-4DCD-81F2-BD81A5930DF3}.Release|Any CPU.Build.0 = Release|Any CPU
		{87D88A7D-25E9-4898-8568-58E69A484BEF}.Debug|Any CPU.ActiveCfg = Debug|Any CPU
		{87D88A7D-25E9-4898-8568-58E69A484BEF}.Debug|Any CPU.Build.0 = Debug|Any CPU
		{87D88A7D-25E9-4898-8568-58E69A484BEF}.Release|Any CPU.ActiveCfg = Release|Any CPU
		{87D88A7D-25E9-4898-8568-58E69A484BEF}.Release|Any CPU.Build.0 = Release|Any CPU
	EndGlobalSection
	GlobalSection(SolutionProperties) = preSolution
		HideSolutionNode = FALSE
	EndGlobalSection
	GlobalSection(ExtensibilityGlobals) = postSolution
		SolutionGuid = {399DC797-9854-4836-9210-FA5B905DE0D9}
	EndGlobalSection
EndGlobal
